
Microsoft Visual Studio Solution File, Format Version 12.00
# Visual Studio Version 16
VisualStudioVersion = 16.0.31019.35
MinimumVisualStudioVersion = 10.0.40219.1
Project("{FAE04EC0-301F-11D3-BF4B-00C04F79EFBC}") = "Formulář s validací", "Formulář s validací.csproj", "{BB619FA9-B850-4CB1-A5F1-930D1AC01241}"
EndProject
Global
	GlobalSection(SolutionConfigurationPlatforms) = preSolution
		Debug|Any CPU = Debug|Any CPU
		Release|Any CPU = Release|Any CPU
	EndGlobalSection
	GlobalSection(ProjectConfigurationPlatforms) = postSolution
		{BB619FA9-B850-4CB1-A5F1-930D1AC01241}.Debug|Any CPU.ActiveCfg = Debug|Any CPU
		{BB619FA9-B850-4CB1-A5F1-930D1AC01241}.Debug|Any CPU.Build.0 = Debug|Any CPU
		{BB619FA9-B850-4CB1-A5F1-930D1AC01241}.Release|Any CPU.ActiveCfg = Release|Any CPU
		{BB619FA9-B850-4CB1-A5F1-930D1AC01241}.Release|Any CPU.Build.0 = Release|Any CPU
	EndGlobalSection
	GlobalSection(SolutionProperties) = preSolution
		HideSolutionNode = FALSE
	EndGlobalSection
	GlobalSection(ExtensibilityGlobals) = postSolution
		SolutionGuid = {1393D5FA-2B7C-46C2-BD34-38FE9D8AC6F2}
	EndGlobalSection
EndGlobal
